
Microsoft Visual Studio Solution File, Format Version 12.00
# Visual Studio Version 17
VisualStudioVersion = 17.1.32421.90
MinimumVisualStudioVersion = 10.0.40219.1
Project("{FAE04EC0-301F-11D3-BF4B-00C04F79EFBC}") = "AcceptanceTests", "AcceptanceTests\AcceptanceTests.csproj", "{550037D7-4FB1-4BA9-BF8F-15453FD1C1F2}"
EndProject
Global
	GlobalSection(SolutionConfigurationPlatforms) = preSolution
		Debug|Any CPU = Debug|Any CPU
		Release|Any CPU = Release|Any CPU
	EndGlobalSection
	GlobalSection(ProjectConfigurationPlatforms) = postSolution
		{550037D7-4FB1-4BA9-BF8F-15453FD1C1F2}.Debug|Any CPU.ActiveCfg = Debug|Any CPU
		{550037D7-4FB1-4BA9-BF8F-15453FD1C1F2}.Debug|Any CPU.Build.0 = Debug|Any CPU
		{550037D7-4FB1-4BA9-BF8F-15453FD1C1F2}.Release|Any CPU.ActiveCfg = Release|Any CPU
		{550037D7-4FB1-4BA9-BF8F-15453FD1C1F2}.Release|Any CPU.Build.0 = Release|Any CPU
	EndGlobalSection
	GlobalSection(SolutionProperties) = preSolution
		HideSolutionNode = FALSE
	EndGlobalSection
	GlobalSection(ExtensibilityGlobals) = postSolution
		SolutionGuid = {28984962-5B0E-4EE1-8244-811752807BC5}
	EndGlobalSection
EndGlobal
